{
  "name": "miniprogram-starter",
  "version": "0.0.2",
  "lockfileVersion": 2,
  "requires": true,
  "packages": {
    "": {
      "name": "miniprogram-starter",
      "version": "0.0.2",
      "license": "MIT",
      "dependencies": {
        "tdesign-miniprogram": "^1.1.15"
      }
    },
    "node_modules/dayjs": {
      "version": "1.11.2",
      "resolved": "https://registry.npmmirror.com/dayjs/-/dayjs-1.11.2.tgz",
      "integrity": "sha512-F4LXf1OeU9hrSYRPTTj/6FbO4HTjPKXvEIC1P2kcnFurViINCVk3ZV0xAS3XVx9MkMsXbbqlK6hjseaYbgKEHw=="
    },
    "node_modules/tdesign-miniprogram": {
      "version": "1.1.15",
      "resolved": "https://registry.npmjs.org/tdesign-miniprogram/-/tdesign-miniprogram-1.1.15.tgz",
      "integrity": "sha512-dFGA5fQnObN6bjer3CIcRhNOsjz9VwV2oBC+EEz2bFMYMQQZ0A754TWQzHr/UkW/q+qEMakfxGxlKTa19YSwzw==",
      "dependencies": {
        "dayjs": "^1.10.7"
      }
    }
  },
  "dependencies": {
    "dayjs": {
      "version": "1.11.2",
      "resolved": "https://registry.npmmirror.com/dayjs/-/dayjs-1.11.2.tgz",
      "integrity": "sha512-F4LXf1OeU9hrSYRPTTj/6FbO4HTjPKXvEIC1P2kcnFurViINCVk3ZV0xAS3XVx9MkMsXbbqlK6hjseaYbgKEHw=="
    },
    "tdesign-miniprogram": {
      "version": "1.1.15",
      "resolved": "https://registry.npmjs.org/tdesign-miniprogram/-/tdesign-miniprogram-1.1.15.tgz",
      "integrity": "sha512-dFGA5fQnObN6bjer3CIcRhNOsjz9VwV2oBC+EEz2bFMYMQQZ0A754TWQzHr/UkW/q+qEMakfxGxlKTa19YSwzw==",
      "requires": {
        "dayjs": "^1.10.7"
      }
    }
  }
}
