{
  "name": "miniprogram-starter",
  "version": "0.0.2",
  "lockfileVersion": 2,
  "requires": true,
  "packages": {
    "": {
      "name": "miniprogram-starter",
      "version": "0.0.2",
      "license": "MIT",
      "dependencies": {
        "tdesign-miniprogram": "^0.12.1"
      },
      "devDependencies": {}
    },
    "node_modules/dayjs": {
      "version": "1.11.2",
      "resolved": "https://registry.npmmirror.com/dayjs/-/dayjs-1.11.2.tgz",
      "integrity": "sha512-F4LXf1OeU9hrSYRPTTj/6FbO4HTjPKXvEIC1P2kcnFurViINCVk3ZV0xAS3XVx9MkMsXbbqlK6hjseaYbgKEHw=="
    },
    "node_modules/tdesign-miniprogram": {
      "version": "0.12.1",
      "resolved": "https://registry.npmmirror.com/tdesign-miniprogram/-/tdesign-miniprogram-0.12.1.tgz",
      "integrity": "sha512-nRQu3us411XbFz7AFa1o/ZffZtc+jxRLYhLCALzivsqFDQt0YaxBQbtRNxg7fwKtaKezg/wl+IFSymm4OfgiCQ==",
      "dependencies": {
        "dayjs": "^1.10.7"
      }
    }
  },
  "dependencies": {
    "dayjs": {
      "version": "1.11.2",
      "resolved": "https://registry.npmmirror.com/dayjs/-/dayjs-1.11.2.tgz",
      "integrity": "sha512-F4LXf1OeU9hrSYRPTTj/6FbO4HTjPKXvEIC1P2kcnFurViINCVk3ZV0xAS3XVx9MkMsXbbqlK6hjseaYbgKEHw=="
    },
    "tdesign-miniprogram": {
      "version": "0.12.1",
      "resolved": "https://registry.npmmirror.com/tdesign-miniprogram/-/tdesign-miniprogram-0.12.1.tgz",
      "integrity": "sha512-nRQu3us411XbFz7AFa1o/ZffZtc+jxRLYhLCALzivsqFDQt0YaxBQbtRNxg7fwKtaKezg/wl+IFSymm4OfgiCQ==",
      "requires": {
        "dayjs": "^1.10.7"
      }
    }
  }
}
